
Microsoft Visual Studio Solution File, Format Version 12.00
# Visual Studio Version 17
VisualStudioVersion = 17.13.35913.81 d17.13
MinimumVisualStudioVersion = 10.0.40219.1
Project("{54A90642-561A-4BB1-A94E-469ADEE60C69}") = "nextech.hackernews.client", "nextech.hackernews.client\nextech.hackernews.client.esproj", "{C9A16D29-DEF7-9EB0-69C5-9F8989D58CF9}"
EndProject
Project("{FAE04EC0-301F-11D3-BF4B-00C04F79EFBC}") = "Nextech.HackerNews.Server", "Nextech.HackerNews.Server\Nextech.HackerNews.Server.csproj", "{F2A614CE-99E4-637B-7585-3DA073FEA669}"
EndProject
Project("{FAE04EC0-301F-11D3-BF4B-00C04F79EFBC}") = "Nextech.HackerNews.AppHost", "Nextech.HackerNews.AppHost\Nextech.HackerNews.AppHost.csproj", "{A0C85067-CF15-47B8-A2E8-C9F12E43F7EA}"
EndProject
Project("{FAE04EC0-301F-11D3-BF4B-00C04F79EFBC}") = "Nextech.HackerNews.ServiceDefaults", "Nextech.HackerNews.ServiceDefaults\Nextech.HackerNews.ServiceDefaults.csproj", "{2560EA81-D416-44A0-1673-C38754C89C34}"
EndProject
Project("{FAE04EC0-301F-11D3-BF4B-00C04F79EFBC}") = "Nextech.HackerNews.Test", "Nextech.HackerNews.Test\Nextech.HackerNews.Test.csproj", "{085ED349-6AB0-4418-B753-547E9C7A4DB1}"
EndProject
Global
	GlobalSection(SolutionConfigurationPlatforms) = preSolution
		Debug|Any CPU = Debug|Any CPU
		Release|Any CPU = Release|Any CPU
	EndGlobalSection
	GlobalSection(ProjectConfigurationPlatforms) = postSolution
		{C9A16D29-DEF7-9EB0-69C5-9F8989D58CF9}.Debug|Any CPU.ActiveCfg = Debug|Any CPU
		{C9A16D29-DEF7-9EB0-69C5-9F8989D58CF9}.Debug|Any CPU.Build.0 = Debug|Any CPU
		{C9A16D29-DEF7-9EB0-69C5-9F8989D58CF9}.Release|Any CPU.ActiveCfg = Release|Any CPU
		{C9A16D29-DEF7-9EB0-69C5-9F8989D58CF9}.Release|Any CPU.Build.0 = Release|Any CPU
		{F2A614CE-99E4-637B-7585-3DA073FEA669}.Debug|Any CPU.ActiveCfg = Debug|Any CPU
		{F2A614CE-99E4-637B-7585-3DA073FEA669}.Debug|Any CPU.Build.0 = Debug|Any CPU
		{F2A614CE-99E4-637B-7585-3DA073FEA669}.Release|Any CPU.ActiveCfg = Release|Any CPU
		{F2A614CE-99E4-637B-7585-3DA073FEA669}.Release|Any CPU.Build.0 = Release|Any CPU
		{A0C85067-CF15-47B8-A2E8-C9F12E43F7EA}.Debug|Any CPU.ActiveCfg = Debug|Any CPU
		{A0C85067-CF15-47B8-A2E8-C9F12E43F7EA}.Debug|Any CPU.Build.0 = Debug|Any CPU
		{A0C85067-CF15-47B8-A2E8-C9F12E43F7EA}.Release|Any CPU.ActiveCfg = Release|Any CPU
		{A0C85067-CF15-47B8-A2E8-C9F12E43F7EA}.Release|Any CPU.Build.0 = Release|Any CPU
		{2560EA81-D416-44A0-1673-C38754C89C34}.Debug|Any CPU.ActiveCfg = Debug|Any CPU
		{2560EA81-D416-44A0-1673-C38754C89C34}.Debug|Any CPU.Build.0 = Debug|Any CPU
		{2560EA81-D416-44A0-1673-C38754C89C34}.Release|Any CPU.ActiveCfg = Release|Any CPU
		{2560EA81-D416-44A0-1673-C38754C89C34}.Release|Any CPU.Build.0 = Release|Any CPU
		{085ED349-6AB0-4418-B753-547E9C7A4DB1}.Debug|Any CPU.ActiveCfg = Debug|Any CPU
		{085ED349-6AB0-4418-B753-547E9C7A4DB1}.Debug|Any CPU.Build.0 = Debug|Any CPU
		{085ED349-6AB0-4418-B753-547E9C7A4DB1}.Release|Any CPU.ActiveCfg = Release|Any CPU
		{085ED349-6AB0-4418-B753-547E9C7A4DB1}.Release|Any CPU.Build.0 = Release|Any CPU
	EndGlobalSection
	GlobalSection(SolutionProperties) = preSolution
		HideSolutionNode = FALSE
	EndGlobalSection
	GlobalSection(ExtensibilityGlobals) = postSolution
		SolutionGuid = {08DBD70D-B7ED-4DB2-8B2E-06475D49F437}
	EndGlobalSection
EndGlobal
